
Microsoft Visual Studio Solution File, Format Version 12.00
# Visual Studio Version 17
VisualStudioVersion = 17.7.34003.232
MinimumVisualStudioVersion = 10.0.40219.1
Project("{8BC9CEB8-8B4A-11D0-8D11-00A0C91BC942}") = "DMS_Client", "DMS_Client\DMS_Client.vcxproj", "{EF1C69A7-2220-4E8B-AFAF-8E6D7E68A0D7}"
EndProject
Project("{8BC9CEB8-8B4A-11D0-8D11-00A0C91BC942}") = "DMS_Server", "DMS_Server\DMS_Server.vcxproj", "{C98A00A8-F8FC-4317-95C8-021C08A93C13}"
EndProject
Project("{9A19103F-16F7-4668-BE54-9A1E7A4F7556}") = "DMS_GUI.Tests", "DMS_GUI.Tests\DMS_GUI.Tests.csproj", "{59B63732-45E0-4CE0-9409-8D3EAE690834}"
EndProject
Project("{9A19103F-16F7-4668-BE54-9A1E7A4F7556}") = "DMS_Domain", "DMS_Domain\DMS_Domain.csproj", "{D8D506B4-A5F9-42C0-9CAA-B9F76A8EE70E}"
EndProject
Project("{9A19103F-16F7-4668-BE54-9A1E7A4F7556}") = "DMS_BLL", "DMS_BLL\DMS_BLL.csproj", "{5E37B591-740A-4C17-B8EF-2323DA5EF0BD}"
EndProject
Project("{9A19103F-16F7-4668-BE54-9A1E7A4F7556}") = "DMS_Infrastructure", "DMS_Infrastructure\DMS_Infrastructure.csproj", "{C9428C29-9EE8-440A-A3B3-F6317286A3BA}"
EndProject
Project("{9A19103F-16F7-4668-BE54-9A1E7A4F7556}") = "DMS_GUI", "DMS_GUI\DMS_GUI.csproj", "{04DE2286-B18D-4FCA-BD87-9C5CCCC9B716}"
EndProject
Project("{9A19103F-16F7-4668-BE54-9A1E7A4F7556}") = "DMS_Application", "DMS_Application\DMS_Application.csproj", "{A4E8999C-81A8-40BC-95D9-2609C57854FA}"
EndProject
Project("{FAE04EC0-301F-11D3-BF4B-00C04F79EFBC}") = "DMS_GUI_v2", "DMS_GUI_v2\DMS_GUI_v2.csproj", "{849C85C1-D366-4A4E-926B-E3DDD0026B0F}"
EndProject
Global
	GlobalSection(SolutionConfigurationPlatforms) = preSolution
		Debug|Any CPU = Debug|Any CPU
		Debug|x64 = Debug|x64
		Debug|x86 = Debug|x86
		Release|Any CPU = Release|Any CPU
		Release|x64 = Release|x64
		Release|x86 = Release|x86
	EndGlobalSection
	GlobalSection(ProjectConfigurationPlatforms) = postSolution
		{EF1C69A7-2220-4E8B-AFAF-8E6D7E68A0D7}.Debug|Any CPU.ActiveCfg = Debug|x64
		{EF1C69A7-2220-4E8B-AFAF-8E6D7E68A0D7}.Debug|Any CPU.Build.0 = Debug|x64
		{EF1C69A7-2220-4E8B-AFAF-8E6D7E68A0D7}.Debug|x64.ActiveCfg = Debug|x64
		{EF1C69A7-2220-4E8B-AFAF-8E6D7E68A0D7}.Debug|x64.Build.0 = Debug|x64
		{EF1C69A7-2220-4E8B-AFAF-8E6D7E68A0D7}.Debug|x86.ActiveCfg = Debug|Win32
		{EF1C69A7-2220-4E8B-AFAF-8E6D7E68A0D7}.Debug|x86.Build.0 = Debug|Win32
		{EF1C69A7-2220-4E8B-AFAF-8E6D7E68A0D7}.Release|Any CPU.ActiveCfg = Release|x64
		{EF1C69A7-2220-4E8B-AFAF-8E6D7E68A0D7}.Release|Any CPU.Build.0 = Release|x64
		{EF1C69A7-2220-4E8B-AFAF-8E6D7E68A0D7}.Release|x64.ActiveCfg = Release|x64
		{EF1C69A7-2220-4E8B-AFAF-8E6D7E68A0D7}.Release|x64.Build.0 = Release|x64
		{EF1C69A7-2220-4E8B-AFAF-8E6D7E68A0D7}.Release|x86.ActiveCfg = Release|Win32
		{EF1C69A7-2220-4E8B-AFAF-8E6D7E68A0D7}.Release|x86.Build.0 = Release|Win32
		{C98A00A8-F8FC-4317-95C8-021C08A93C13}.Debug|Any CPU.ActiveCfg = Debug|x64
		{C98A00A8-F8FC-4317-95C8-021C08A93C13}.Debug|Any CPU.Build.0 = Debug|x64
		{C98A00A8-F8FC-4317-95C8-021C08A93C13}.Debug|x64.ActiveCfg = Debug|x64
		{C98A00A8-F8FC-4317-95C8-021C08A93C13}.Debug|x64.Build.0 = Debug|x64
		{C98A00A8-F8FC-4317-95C8-021C08A93C13}.Debug|x86.ActiveCfg = Debug|Win32
		{C98A00A8-F8FC-4317-95C8-021C08A93C13}.Debug|x86.Build.0 = Debug|Win32
		{C98A00A8-F8FC-4317-95C8-021C08A93C13}.Release|Any CPU.ActiveCfg = Release|x64
		{C98A00A8-F8FC-4317-95C8-021C08A93C13}.Release|Any CPU.Build.0 = Release|x64
		{C98A00A8-F8FC-4317-95C8-021C08A93C13}.Release|x64.ActiveCfg = Release|x64
		{C98A00A8-F8FC-4317-95C8-021C08A93C13}.Release|x64.Build.0 = Release|x64
		{C98A00A8-F8FC-4317-95C8-021C08A93C13}.Release|x86.ActiveCfg = Release|Win32
		{C98A00A8-F8FC-4317-95C8-021C08A93C13}.Release|x86.Build.0 = Release|Win32
		{59B63732-45E0-4CE0-9409-8D3EAE690834}.Debug|Any CPU.ActiveCfg = Debug|Any CPU
		{59B63732-45E0-4CE0-9409-8D3EAE690834}.Debug|Any CPU.Build.0 = Debug|Any CPU
		{59B63732-45E0-4CE0-9409-8D3EAE690834}.Debug|x64.ActiveCfg = Debug|Any CPU
		{59B63732-45E0-4CE0-9409-8D3EAE690834}.Debug|x64.Build.0 = Debug|Any CPU
		{59B63732-45E0-4CE0-9409-8D3EAE690834}.Debug|x86.ActiveCfg = Debug|Any CPU
		{59B63732-45E0-4CE0-9409-8D3EAE690834}.Debug|x86.Build.0 = Debug|Any CPU
		{59B63732-45E0-4CE0-9409-8D3EAE690834}.Release|Any CPU.ActiveCfg = Release|Any CPU
		{59B63732-45E0-4CE0-9409-8D3EAE690834}.Release|Any CPU.Build.0 = Release|Any CPU
		{59B63732-45E0-4CE0-9409-8D3EAE690834}.Release|x64.ActiveCfg = Release|Any CPU
		{59B63732-45E0-4CE0-9409-8D3EAE690834}.Release|x64.Build.0 = Release|Any CPU
		{59B63732-45E0-4CE0-9409-8D3EAE690834}.Release|x86.ActiveCfg = Release|Any CPU
		{59B63732-45E0-4CE0-9409-8D3EAE690834}.Release|x86.Build.0 = Release|Any CPU
		{D8D506B4-A5F9-42C0-9CAA-B9F76A8EE70E}.Debug|Any CPU.ActiveCfg = Debug|Any CPU
		{D8D506B4-A5F9-42C0-9CAA-B9F76A8EE70E}.Debug|Any CPU.Build.0 = Debug|Any CPU
		{D8D506B4-A5F9-42C0-9CAA-B9F76A8EE70E}.Debug|x64.ActiveCfg = Debug|Any CPU
		{D8D506B4-A5F9-42C0-9CAA-B9F76A8EE70E}.Debug|x64.Build.0 = Debug|Any CPU
		{D8D506B4-A5F9-42C0-9CAA-B9F76A8EE70E}.Debug|x86.ActiveCfg = Debug|Any CPU
		{D8D506B4-A5F9-42C0-9CAA-B9F76A8EE70E}.Debug|x86.Build.0 = Debug|Any CPU
		{D8D506B4-A5F9-42C0-9CAA-B9F76A8EE70E}.Release|Any CPU.ActiveCfg = Release|Any CPU
		{D8D506B4-A5F9-42C0-9CAA-B9F76A8EE70E}.Release|Any CPU.Build.0 = Release|Any CPU
		{D8D506B4-A5F9-42C0-9CAA-B9F76A8EE70E}.Release|x64.ActiveCfg = Release|Any CPU
		{D8D506B4-A5F9-42C0-9CAA-B9F76A8EE70E}.Release|x64.Build.0 = Release|Any CPU
		{D8D506B4-A5F9-42C0-9CAA-B9F76A8EE70E}.Release|x86.ActiveCfg = Release|Any CPU
		{D8D506B4-A5F9-42C0-9CAA-B9F76A8EE70E}.Release|x86.Build.0 = Release|Any CPU
		{5E37B591-740A-4C17-B8EF-2323DA5EF0BD}.Debug|Any CPU.ActiveCfg = Debug|Any CPU
		{5E37B591-740A-4C17-B8EF-2323DA5EF0BD}.Debug|Any CPU.Build.0 = Debug|Any CPU
		{5E37B591-740A-4C17-B8EF-2323DA5EF0BD}.Debug|x64.ActiveCfg = Debug|Any CPU
		{5E37B591-740A-4C17-B8EF-2323DA5EF0BD}.Debug|x64.Build.0 = Debug|Any CPU
		{5E37B591-740A-4C17-B8EF-2323DA5EF0BD}.Debug|x86.ActiveCfg = Debug|Any CPU
		{5E37B591-740A-4C17-B8EF-2323DA5EF0BD}.Debug|x86.Build.0 = Debug|Any CPU
		{5E37B591-740A-4C17-B8EF-2323DA5EF0BD}.Release|Any CPU.ActiveCfg = Release|Any CPU
		{5E37B591-740A-4C17-B8EF-2323DA5EF0BD}.Release|Any CPU.Build.0 = Release|Any CPU
		{5E37B591-740A-4C17-B8EF-2323DA5EF0BD}.Release|x64.ActiveCfg = Release|Any CPU
		{5E37B591-740A-4C17-B8EF-2323DA5EF0BD}.Release|x64.Build.0 = Release|Any CPU
		{5E37B591-740A-4C17-B8EF-2323DA5EF0BD}.Release|x86.ActiveCfg = Release|Any CPU
		{5E37B591-740A-4C17-B8EF-2323DA5EF0BD}.Release|x86.Build.0 = Release|Any CPU
		{C9428C29-9EE8-440A-A3B3-F6317286A3BA}.Debug|Any CPU.ActiveCfg = Debug|Any CPU
		{C9428C29-9EE8-440A-A3B3-F6317286A3BA}.Debug|Any CPU.Build.0 = Debug|Any CPU
		{C9428C29-9EE8-440A-A3B3-F6317286A3BA}.Debug|x64.ActiveCfg = Debug|Any CPU
		{C9428C29-9EE8-440A-A3B3-F6317286A3BA}.Debug|x64.Build.0 = Debug|Any CPU
		{C9428C29-9EE8-440A-A3B3-F6317286A3BA}.Debug|x86.ActiveCfg = Debug|Any CPU
		{C9428C29-9EE8-440A-A3B3-F6317286A3BA}.Debug|x86.Build.0 = Debug|Any CPU
		{C9428C29-9EE8-440A-A3B3-F6317286A3BA}.Release|Any CPU.ActiveCfg = Release|Any CPU
		{C9428C29-9EE8-440A-A3B3-F6317286A3BA}.Release|Any CPU.Build.0 = Release|Any CPU
		{C9428C29-9EE8-440A-A3B3-F6317286A3BA}.Release|x64.ActiveCfg = Release|Any CPU
		{C9428C29-9EE8-440A-A3B3-F6317286A3BA}.Release|x64.Build.0 = Release|Any CPU
		{C9428C29-9EE8-440A-A3B3-F6317286A3BA}.Release|x86.ActiveCfg = Release|Any CPU
		{C9428C29-9EE8-440A-A3B3-F6317286A3BA}.Release|x86.Build.0 = Release|Any CPU
		{04DE2286-B18D-4FCA-BD87-9C5CCCC9B716}.Debug|Any CPU.ActiveCfg = Debug|Any CPU
		{04DE2286-B18D-4FCA-BD87-9C5CCCC9B716}.Debug|Any CPU.Build.0 = Debug|Any CPU
		{04DE2286-B18D-4FCA-BD87-9C5CCCC9B716}.Debug|x64.ActiveCfg = Debug|Any CPU
		{04DE2286-B18D-4FCA-BD87-9C5CCCC9B716}.Debug|x64.Build.0 = Debug|Any CPU
		{04DE2286-B18D-4FCA-BD87-9C5CCCC9B716}.Debug|x86.ActiveCfg = Debug|Any CPU
		{04DE2286-B18D-4FCA-BD87-9C5CCCC9B716}.Debug|x86.Build.0 = Debug|Any CPU
		{04DE2286-B18D-4FCA-BD87-9C5CCCC9B716}.Release|Any CPU.ActiveCfg = Release|Any CPU
		{04DE2286-B18D-4FCA-BD87-9C5CCCC9B716}.Release|Any CPU.Build.0 = Release|Any CPU
		{04DE2286-B18D-4FCA-BD87-9C5CCCC9B716}.Release|x64.ActiveCfg = Release|Any CPU
		{04DE2286-B18D-4FCA-BD87-9C5CCCC9B716}.Release|x64.Build.0 = Release|Any CPU
		{04DE2286-B18D-4FCA-BD87-9C5CCCC9B716}.Release|x86.ActiveCfg = Release|Any CPU
		{04DE2286-B18D-4FCA-BD87-9C5CCCC9B716}.Release|x86.Build.0 = Release|Any CPU
		{A4E8999C-81A8-40BC-95D9-2609C57854FA}.Debug|Any CPU.ActiveCfg = Debug|Any CPU
		{A4E8999C-81A8-40BC-95D9-2609C57854FA}.Debug|Any CPU.Build.0 = Debug|Any CPU
		{A4E8999C-81A8-40BC-95D9-2609C57854FA}.Debug|x64.ActiveCfg = Debug|Any CPU
		{A4E8999C-81A8-40BC-95D9-2609C57854FA}.Debug|x64.Build.0 = Debug|Any CPU
		{A4E8999C-81A8-40BC-95D9-2609C57854FA}.Debug|x86.ActiveCfg = Debug|Any CPU
		{A4E8999C-81A8-40BC-95D9-2609C57854FA}.Debug|x86.Build.0 = Debug|Any CPU
		{A4E8999C-81A8-40BC-95D9-2609C57854FA}.Release|Any CPU.ActiveCfg = Release|Any CPU
		{A4E8999C-81A8-40BC-95D9-2609C57854FA}.Release|Any CPU.Build.0 = Release|Any CPU
		{A4E8999C-81A8-40BC-95D9-2609C57854FA}.Release|x64.ActiveCfg = Release|Any CPU
		{A4E8999C-81A8-40BC-95D9-2609C57854FA}.Release|x64.Build.0 = Release|Any CPU
		{A4E8999C-81A8-40BC-95D9-2609C57854FA}.Release|x86.ActiveCfg = Release|Any CPU
		{A4E8999C-81A8-40BC-95D9-2609C57854FA}.Release|x86.Build.0 = Release|Any CPU
		{849C85C1-D366-4A4E-926B-E3DDD0026B0F}.Debug|Any CPU.ActiveCfg = Debug|Any CPU
		{849C85C1-D366-4A4E-926B-E3DDD0026B0F}.Debug|Any CPU.Build.0 = Debug|Any CPU
		{849C85C1-D366-4A4E-926B-E3DDD0026B0F}.Debug|x64.ActiveCfg = Debug|Any CPU
		{849C85C1-D366-4A4E-926B-E3DDD0026B0F}.Debug|x64.Build.0 = Debug|Any CPU
		{849C85C1-D366-4A4E-926B-E3DDD0026B0F}.Debug|x86.ActiveCfg = Debug|Any CPU
		{849C85C1-D366-4A4E-926B-E3DDD0026B0F}.Debug|x86.Build.0 = Debug|Any CPU
		{849C85C1-D366-4A4E-926B-E3DDD0026B0F}.Release|Any CPU.ActiveCfg = Release|Any CPU
		{849C85C1-D366-4A4E-926B-E3DDD0026B0F}.Release|Any CPU.Build.0 = Release|Any CPU
		{849C85C1-D366-4A4E-926B-E3DDD0026B0F}.Release|x64.ActiveCfg = Release|Any CPU
		{849C85C1-D366-4A4E-926B-E3DDD0026B0F}.Release|x64.Build.0 = Release|Any CPU
		{849C85C1-D366-4A4E-926B-E3DDD0026B0F}.Release|x86.ActiveCfg = Release|Any CPU
		{849C85C1-D366-4A4E-926B-E3DDD0026B0F}.Release|x86.Build.0 = Release|Any CPU
	EndGlobalSection
	GlobalSection(SolutionProperties) = preSolution
		HideSolutionNode = FALSE
	EndGlobalSection
	GlobalSection(ExtensibilityGlobals) = postSolution
		SolutionGuid = {A025B4D2-9D7F-4DD8-8AA0-1E23F211AC82}
	EndGlobalSection
EndGlobal
